// !$*UTF8*$!
{
	archiveVersion = 1;
	classes = {
	};
	objectVersion = 46;
	objects = {

/* Begin PBXBuildFile section */
		380C00E71CDFB60B006B3C32 /* JKCollectionExtension.swift in Sources */ = {isa = PBXBuildFile; fileRef = 380C00E61CDFB60B006B3C32 /* JKCollectionExtension.swift */; };
		380C00E91CDFEA8B006B3C32 /* JKWebViewController.swift in Sources */ = {isa = PBXBuildFile; fileRef = 380C00E81CDFEA8B006B3C32 /* JKWebViewController.swift */; };
		3833FA901CDECC7100D0CA1D /* AppDelegate.swift in Sources */ = {isa = PBXBuildFile; fileRef = 3833FA8F1CDECC7100D0CA1D /* AppDelegate.swift */; };
		3833FA921CDECC7100D0CA1D /* ViewController.swift in Sources */ = {isa = PBXBuildFile; fileRef = 3833FA911CDECC7100D0CA1D /* ViewController.swift */; };
		3833FA951CDECC7100D0CA1D /* Main.storyboard in Resources */ = {isa = PBXBuildFile; fileRef = 3833FA931CDECC7100D0CA1D /* Main.storyboard */; };
		3833FA971CDECC7100D0CA1D /* Assets.xcassets in Resources */ = {isa = PBXBuildFile; fileRef = 3833FA961CDECC7100D0CA1D /* Assets.xcassets */; };
		3833FA9A1CDECC7100D0CA1D /* LaunchScreen.storyboard in Resources */ = {isa = PBXBuildFile; fileRef = 3833FA981CDECC7100D0CA1D /* LaunchScreen.storyboard */; };
		3833FAA21CDED8C000D0CA1D /* JKShortcutItemIconTypes.swift in Sources */ = {isa = PBXBuildFile; fileRef = 3833FAA11CDED8C000D0CA1D /* JKShortcutItemIconTypes.swift */; };
		3833FAA41CDEDE9000D0CA1D /* JK3DTouchPreviewViewController.swift in Sources */ = {isa = PBXBuildFile; fileRef = 3833FAA31CDEDE9000D0CA1D /* JK3DTouchPreviewViewController.swift */; };
		3833FAA61CDEDF3700D0CA1D /* JKLongPress3DPreviewViewController.swift in Sources */ = {isa = PBXBuildFile; fileRef = 3833FAA51CDEDF3700D0CA1D /* JKLongPress3DPreviewViewController.swift */; };
		3833FAA81CDEDFF100D0CA1D /* JK3DTouchForceViewerViewController.swift in Sources */ = {isa = PBXBuildFile; fileRef = 3833FAA71CDEDFF100D0CA1D /* JK3DTouchForceViewerViewController.swift */; };
		3833FAAE1CDEE93B00D0CA1D /* Obama.png in Resources */ = {isa = PBXBuildFile; fileRef = 3833FAAA1CDEE93B00D0CA1D /* Obama.png */; };
		3833FAAF1CDEE93B00D0CA1D /* Clinton.png in Resources */ = {isa = PBXBuildFile; fileRef = 3833FAAB1CDEE93B00D0CA1D /* Clinton.png */; };
		3833FAB01CDEE93B00D0CA1D /* Roosevelt.png in Resources */ = {isa = PBXBuildFile; fileRef = 3833FAAC1CDEE93B00D0CA1D /* Roosevelt.png */; };
		3833FAB11CDEE93B00D0CA1D /* Lincoln.png in Resources */ = {isa = PBXBuildFile; fileRef = 3833FAAD1CDEE93B00D0CA1D /* Lincoln.png */; };
		3833FAB31CDEFED500D0CA1D /* JK3DTouchDestinationViewController.swift in Sources */ = {isa = PBXBuildFile; fileRef = 3833FAB21CDEFED500D0CA1D /* JK3DTouchDestinationViewController.swift */; };
		3833FAB51CDEFF2600D0CA1D /* JKPresidentInfo.swift in Sources */ = {isa = PBXBuildFile; fileRef = 3833FAB41CDEFF2600D0CA1D /* JKPresidentInfo.swift */; };
/* End PBXBuildFile section */

/* Begin PBXFileReference section */
		380C00E61CDFB60B006B3C32 /* JKCollectionExtension.swift */ = {isa = PBXFileReference; fileEncoding = 4; lastKnownFileType = sourcecode.swift; path = JKCollectionExtension.swift; sourceTree = "<group>"; };
		380C00E81CDFEA8B006B3C32 /* JKWebViewController.swift */ = {isa = PBXFileReference; fileEncoding = 4; lastKnownFileType = sourcecode.swift; path = JKWebViewController.swift; sourceTree = "<group>"; };
		3833FA8C1CDECC7100D0CA1D /* JK3DTouchDemo.app */ = {isa = PBXFileReference; explicitFileType = wrapper.application; includeInIndex = 0; path = JK3DTouchDemo.app; sourceTree = BUILT_PRODUCTS_DIR; };
		3833FA8F1CDECC7100D0CA1D /* AppDelegate.swift */ = {isa = PBXFileReference; lastKnownFileType = sourcecode.swift; path = AppDelegate.swift; sourceTree = "<group>"; };
		3833FA911CDECC7100D0CA1D /* ViewController.swift */ = {isa = PBXFileReference; lastKnownFileType = sourcecode.swift; path = ViewController.swift; sourceTree = "<group>"; };
		3833FA941CDECC7100D0CA1D /* Base */ = {isa = PBXFileReference; lastKnownFileType = file.storyboard; name = Base; path = Base.lproj/Main.storyboard; sourceTree = "<group>"; };
		3833FA961CDECC7100D0CA1D /* Assets.xcassets */ = {isa = PBXFileReference; lastKnownFileType = folder.assetcatalog; path = Assets.xcassets; sourceTree = "<group>"; };
		3833FA991CDECC7100D0CA1D /* Base */ = {isa = PBXFileReference; lastKnownFileType = file.storyboard; name = Base; path = Base.lproj/LaunchScreen.storyboard; sourceTree = "<group>"; };
		3833FA9B1CDECC7100D0CA1D /* Info.plist */ = {isa = PBXFileReference; lastKnownFileType = text.plist.xml; path = Info.plist; sourceTree = "<group>"; };
		3833FAA11CDED8C000D0CA1D /* JKShortcutItemIconTypes.swift */ = {isa = PBXFileReference; fileEncoding = 4; lastKnownFileType = sourcecode.swift; path = JKShortcutItemIconTypes.swift; sourceTree = "<group>"; };
		3833FAA31CDEDE9000D0CA1D /* JK3DTouchPreviewViewController.swift */ = {isa = PBXFileReference; fileEncoding = 4; lastKnownFileType = sourcecode.swift; path = JK3DTouchPreviewViewController.swift; sourceTree = "<group>"; };
		3833FAA51CDEDF3700D0CA1D /* JKLongPress3DPreviewViewController.swift */ = {isa = PBXFileReference; fileEncoding = 4; lastKnownFileType = sourcecode.swift; path = JKLongPress3DPreviewViewController.swift; sourceTree = "<group>"; };
		3833FAA71CDEDFF100D0CA1D /* JK3DTouchForceViewerViewController.swift */ = {isa = PBXFileReference; fileEncoding = 4; lastKnownFileType = sourcecode.swift; path = JK3DTouchForceViewerViewController.swift; sourceTree = "<group>"; };
		3833FAAA1CDEE93B00D0CA1D /* Obama.png */ = {isa = PBXFileReference; lastKnownFileType = image.png; path = Obama.png; sourceTree = "<group>"; };
		3833FAAB1CDEE93B00D0CA1D /* Clinton.png */ = {isa = PBXFileReference; lastKnownFileType = image.png; path = Clinton.png; sourceTree = "<group>"; };
		3833FAAC1CDEE93B00D0CA1D /* Roosevelt.png */ = {isa = PBXFileReference; lastKnownFileType = image.png; path = Roosevelt.png; sourceTree = "<group>"; };
		3833FAAD1CDEE93B00D0CA1D /* Lincoln.png */ = {isa = PBXFileReference; lastKnownFileType = image.png; path = Lincoln.png; sourceTree = "<group>"; };
		3833FAB21CDEFED500D0CA1D /* JK3DTouchDestinationViewController.swift */ = {isa = PBXFileReference; fileEncoding = 4; lastKnownFileType = sourcecode.swift; path = JK3DTouchDestinationViewController.swift; sourceTree = "<group>"; };
		3833FAB41CDEFF2600D0CA1D /* JKPresidentInfo.swift */ = {isa = PBXFileReference; fileEncoding = 4; lastKnownFileType = sourcecode.swift; path = JKPresidentInfo.swift; sourceTree = "<group>"; };
/* End PBXFileReference section */

/* Begin PBXFrameworksBuildPhase section */
		3833FA891CDECC7100D0CA1D /* Frameworks */ = {
			isa = PBXFrameworksBuildPhase;
			buildActionMask = 2147483647;
			files = (
			);
			runOnlyForDeploymentPostprocessing = 0;
		};
/* End PBXFrameworksBuildPhase section */

/* Begin PBXGroup section */
		3833FA831CDECC7100D0CA1D = {
			isa = PBXGroup;
			children = (
				3833FA8E1CDECC7100D0CA1D /* JK3DTouchDemo */,
				3833FA8D1CDECC7100D0CA1D /* Products */,
			);
			sourceTree = "<group>";
		};
		3833FA8D1CDECC7100D0CA1D /* Products */ = {
			isa = PBXGroup;
			children = (
				3833FA8C1CDECC7100D0CA1D /* JK3DTouchDemo.app */,
			);
			name = Products;
			sourceTree = "<group>";
		};
		3833FA8E1CDECC7100D0CA1D /* JK3DTouchDemo */ = {
			isa = PBXGroup;
			children = (
				3833FAA91CDEE89800D0CA1D /* Assets */,
				3833FA8F1CDECC7100D0CA1D /* AppDelegate.swift */,
				3833FA911CDECC7100D0CA1D /* ViewController.swift */,
				3833FA931CDECC7100D0CA1D /* Main.storyboard */,
				3833FA961CDECC7100D0CA1D /* Assets.xcassets */,
				3833FA981CDECC7100D0CA1D /* LaunchScreen.storyboard */,
				3833FA9B1CDECC7100D0CA1D /* Info.plist */,
				3833FAA11CDED8C000D0CA1D /* JKShortcutItemIconTypes.swift */,
				3833FAA31CDEDE9000D0CA1D /* JK3DTouchPreviewViewController.swift */,
				3833FAA51CDEDF3700D0CA1D /* JKLongPress3DPreviewViewController.swift */,
				3833FAA71CDEDFF100D0CA1D /* JK3DTouchForceViewerViewController.swift */,
				3833FAB21CDEFED500D0CA1D /* JK3DTouchDestinationViewController.swift */,
				3833FAB41CDEFF2600D0CA1D /* JKPresidentInfo.swift */,
				380C00E61CDFB60B006B3C32 /* JKCollectionExtension.swift */,
				380C00E81CDFEA8B006B3C32 /* JKWebViewController.swift */,
			);
			path = JK3DTouchDemo;
			sourceTree = "<group>";
		};
		3833FAA91CDEE89800D0CA1D /* Assets */ = {
			isa = PBXGroup;
			children = (
				3833FAAA1CDEE93B00D0CA1D /* Obama.png */,
				3833FAAB1CDEE93B00D0CA1D /* Clinton.png */,
				3833FAAC1CDEE93B00D0CA1D /* Roosevelt.png */,
				3833FAAD1CDEE93B00D0CA1D /* Lincoln.png */,
			);
			name = Assets;
			sourceTree = "<group>";
		};
/* End PBXGroup section */

/* Begin PBXNativeTarget section */
		3833FA8B1CDECC7100D0CA1D /* JK3DTouchDemo */ = {
			isa = PBXNativeTarget;
			buildConfigurationList = 3833FA9E1CDECC7100D0CA1D /* Build configuration list for PBXNativeTarget "JK3DTouchDemo" */;
			buildPhases = (
				3833FA881CDECC7100D0CA1D /* Sources */,
				3833FA891CDECC7100D0CA1D /* Frameworks */,
				3833FA8A1CDECC7100D0CA1D /* Resources */,
			);
			buildRules = (
			);
			dependencies = (
			);
			name = JK3DTouchDemo;
			productName = JK3DTouchDemo;
			productReference = 3833FA8C1CDECC7100D0CA1D /* JK3DTouchDemo.app */;
			productType = "com.apple.product-type.application";
		};
/* End PBXNativeTarget section */

/* Begin PBXProject section */
		3833FA841CDECC7100D0CA1D /* Project object */ = {
			isa = PBXProject;
			attributes = {
				LastSwiftUpdateCheck = 0730;
				LastUpgradeCheck = 0730;
				ORGANIZATIONNAME = "Jayesh Kawli Backup";
				TargetAttributes = {
					3833FA8B1CDECC7100D0CA1D = {
						CreatedOnToolsVersion = 7.3;
					};
				};
			};
			buildConfigurationList = 3833FA871CDECC7100D0CA1D /* Build configuration list for PBXProject "JK3DTouchDemo" */;
			compatibilityVersion = "Xcode 3.2";
			developmentRegion = English;
			hasScannedForEncodings = 0;
			knownRegions = (
				en,
				Base,
			);
			mainGroup = 3833FA831CDECC7100D0CA1D;
			productRefGroup = 3833FA8D1CDECC7100D0CA1D /* Products */;
			projectDirPath = "";
			projectRoot = "";
			targets = (
				3833FA8B1CDECC7100D0CA1D /* JK3DTouchDemo */,
			);
		};
/* End PBXProject section */

/* Begin PBXResourcesBuildPhase section */
		3833FA8A1CDECC7100D0CA1D /* Resources */ = {
			isa = PBXResourcesBuildPhase;
			buildActionMask = 2147483647;
			files = (
				3833FAB11CDEE93B00D0CA1D /* Lincoln.png in Resources */,
				3833FAAE1CDEE93B00D0CA1D /* Obama.png in Resources */,
				3833FAAF1CDEE93B00D0CA1D /* Clinton.png in Resources */,
				3833FA9A1CDECC7100D0CA1D /* LaunchScreen.storyboard in Resources */,
				3833FAB01CDEE93B00D0CA1D /* Roosevelt.png in Resources */,
				3833FA971CDECC7100D0CA1D /* Assets.xcassets in Resources */,
				3833FA951CDECC7100D0CA1D /* Main.storyboard in Resources */,
			);
			runOnlyForDeploymentPostprocessing = 0;
		};
/* End PBXResourcesBuildPhase section */

/* Begin PBXSourcesBuildPhase section */
		3833FA881CDECC7100D0CA1D /* Sources */ = {
			isa = PBXSourcesBuildPhase;
			buildActionMask = 2147483647;
			files = (
				3833FAA81CDEDFF100D0CA1D /* JK3DTouchForceViewerViewController.swift in Sources */,
				3833FA921CDECC7100D0CA1D /* ViewController.swift in Sources */,
				380C00E91CDFEA8B006B3C32 /* JKWebViewController.swift in Sources */,
				3833FA901CDECC7100D0CA1D /* AppDelegate.swift in Sources */,
				3833FAA21CDED8C000D0CA1D /* JKShortcutItemIconTypes.swift in Sources */,
				3833FAA41CDEDE9000D0CA1D /* JK3DTouchPreviewViewController.swift in Sources */,
				380C00E71CDFB60B006B3C32 /* JKCollectionExtension.swift in Sources */,
				3833FAB31CDEFED500D0CA1D /* JK3DTouchDestinationViewController.swift in Sources */,
				3833FAA61CDEDF3700D0CA1D /* JKLongPress3DPreviewViewController.swift in Sources */,
				3833FAB51CDEFF2600D0CA1D /* JKPresidentInfo.swift in Sources */,
			);
			runOnlyForDeploymentPostprocessing = 0;
		};
/* End PBXSourcesBuildPhase section */

/* Begin PBXVariantGroup section */
		3833FA931CDECC7100D0CA1D /* Main.storyboard */ = {
			isa = PBXVariantGroup;
			children = (
				3833FA941CDECC7100D0CA1D /* Base */,
			);
			name = Main.storyboard;
			sourceTree = "<group>";
		};
		3833FA981CDECC7100D0CA1D /* LaunchScreen.storyboard */ = {
			isa = PBXVariantGroup;
			children = (
				3833FA991CDECC7100D0CA1D /* Base */,
			);
			name = LaunchScreen.storyboard;
			sourceTree = "<group>";
		};
/* End PBXVariantGroup section */

/* Begin XCBuildConfiguration section */
		3833FA9C1CDECC7100D0CA1D /* Debug */ = {
			isa = XCBuildConfiguration;
			buildSettings = {
				ALWAYS_SEARCH_USER_PATHS = NO;
				CLANG_ANALYZER_NONNULL = YES;
				CLANG_CXX_LANGUAGE_STANDARD = "gnu++0x";
				CLANG_CXX_LIBRARY = "libc++";
				CLANG_ENABLE_MODULES = YES;
				CLANG_ENABLE_OBJC_ARC = YES;
				CLANG_WARN_BOOL_CONVERSION = YES;
				CLANG_WARN_CONSTANT_CONVERSION = YES;
				CLANG_WARN_DIRECT_OBJC_ISA_USAGE = YES_ERROR;
				CLANG_WARN_EMPTY_BODY = YES;
				CLANG_WARN_ENUM_CONVERSION = YES;
				CLANG_WARN_INT_CONVERSION = YES;
				CLANG_WARN_OBJC_ROOT_CLASS = YES_ERROR;
				CLANG_WARN_UNREACHABLE_CODE = YES;
				CLANG_WARN__DUPLICATE_METHOD_MATCH = YES;
				"CODE_SIGN_IDENTITY[sdk=iphoneos*]" = "iPhone Developer";
				COPY_PHASE_STRIP = NO;
				DEBUG_INFORMATION_FORMAT = dwarf;
				ENABLE_STRICT_OBJC_MSGSEND = YES;
				ENABLE_TESTABILITY = YES;
				GCC_C_LANGUAGE_STANDARD = gnu99;
				GCC_DYNAMIC_NO_PIC = NO;
				GCC_NO_COMMON_BLOCKS = YES;
				GCC_OPTIMIZATION_LEVEL = 0;
				GCC_PREPROCESSOR_DEFINITIONS = (
					"DEBUG=1",
					"$(inherited)",
				);
				GCC_WARN_64_TO_32_BIT_CONVERSION = YES;
				GCC_WARN_ABOUT_RETURN_TYPE = YES_ERROR;
				GCC_WARN_UNDECLARED_SELECTOR = YES;
				GCC_WARN_UNINITIALIZED_AUTOS = YES_AGGRESSIVE;
				GCC_WARN_UNUSED_FUNCTION = YES;
				GCC_WARN_UNUSED_VARIABLE = YES;
				IPHONEOS_DEPLOYMENT_TARGET = 9.3;
				MTL_ENABLE_DEBUG_INFO = YES;
				ONLY_ACTIVE_ARCH = YES;
				SDKROOT = iphoneos;
				SWIFT_OPTIMIZATION_LEVEL = "-Onone";
				TARGETED_DEVICE_FAMILY = "1,2";
			};
			name = Debug;
		};
		3833FA9D1CDECC7100D0CA1D /* Release */ = {
			isa = XCBuildConfiguration;
			buildSettings = {
				ALWAYS_SEARCH_USER_PATHS = NO;
				CLANG_ANALYZER_NONNULL = YES;
				CLANG_CXX_LANGUAGE_STANDARD = "gnu++0x";
				CLANG_CXX_LIBRARY = "libc++";
				CLANG_ENABLE_MODULES = YES;
				CLANG_ENABLE_OBJC_ARC = YES;
				CLANG_WARN_BOOL_CONVERSION = YES;
				CLANG_WARN_CONSTANT_CONVERSION = YES;
				CLANG_WARN_DIRECT_OBJC_ISA_USAGE = YES_ERROR;
				CLANG_WARN_EMPTY_BODY = YES;
				CLANG_WARN_ENUM_CONVERSION = YES;
				CLANG_WARN_INT_CONVERSION = YES;
				CLANG_WARN_OBJC_ROOT_CLASS = YES_ERROR;
				CLANG_WARN_UNREACHABLE_CODE = YES;
				CLANG_WARN__DUPLICATE_METHOD_MATCH = YES;
				"CODE_SIGN_IDENTITY[sdk=iphoneos*]" = "iPhone Developer";
				COPY_PHASE_STRIP = NO;
				DEBUG_INFORMATION_FORMAT = "dwarf-with-dsym";
				ENABLE_NS_ASSERTIONS = NO;
				ENABLE_STRICT_OBJC_MSGSEND = YES;
				GCC_C_LANGUAGE_STANDARD = gnu99;
				GCC_NO_COMMON_BLOCKS = YES;
				GCC_WARN_64_TO_32_BIT_CONVERSION = YES;
				GCC_WARN_ABOUT_RETURN_TYPE = YES_ERROR;
				GCC_WARN_UNDECLARED_SELECTOR = YES;
				GCC_WARN_UNINITIALIZED_AUTOS = YES_AGGRESSIVE;
				GCC_WARN_UNUSED_FUNCTION = YES;
				GCC_WARN_UNUSED_VARIABLE = YES;
				IPHONEOS_DEPLOYMENT_TARGET = 9.3;
				MTL_ENABLE_DEBUG_INFO = NO;
				SDKROOT = iphoneos;
				TARGETED_DEVICE_FAMILY = "1,2";
				VALIDATE_PRODUCT = YES;
			};
			name = Release;
		};
		3833FA9F1CDECC7100D0CA1D /* Debug */ = {
			isa = XCBuildConfiguration;
			buildSettings = {
				ASSETCATALOG_COMPILER_APPICON_NAME = AppIcon;
				INFOPLIST_FILE = JK3DTouchDemo/Info.plist;
				IPHONEOS_DEPLOYMENT_TARGET = 9.1;
				LD_RUNPATH_SEARCH_PATHS = "$(inherited) @executable_path/Frameworks";
				PRODUCT_BUNDLE_IDENTIFIER = com.jayeshKawli.JK3DTouchDemo;
				PRODUCT_NAME = "$(TARGET_NAME)";
			};
			name = Debug;
		};
		3833FAA01CDECC7100D0CA1D /* Release */ = {
			isa = XCBuildConfiguration;
			buildSettings = {
				ASSETCATALOG_COMPILER_APPICON_NAME = AppIcon;
				INFOPLIST_FILE = JK3DTouchDemo/Info.plist;
				IPHONEOS_DEPLOYMENT_TARGET = 9.1;
				LD_RUNPATH_SEARCH_PATHS = "$(inherited) @executable_path/Frameworks";
				PRODUCT_BUNDLE_IDENTIFIER = com.jayeshKawli.JK3DTouchDemo;
				PRODUCT_NAME = "$(TARGET_NAME)";
			};
			name = Release;
		};
/* End XCBuildConfiguration section */

/* Begin XCConfigurationList section */
		3833FA871CDECC7100D0CA1D /* Build configuration list for PBXProject "JK3DTouchDemo" */ = {
			isa = XCConfigurationList;
			buildConfigurations = (
				3833FA9C1CDECC7100D0CA1D /* Debug */,
				3833FA9D1CDECC7100D0CA1D /* Release */,
			);
			defaultConfigurationIsVisible = 0;
			defaultConfigurationName = Release;
		};
		3833FA9E1CDECC7100D0CA1D /* Build configuration list for PBXNativeTarget "JK3DTouchDemo" */ = {
			isa = XCConfigurationList;
			buildConfigurations = (
				3833FA9F1CDECC7100D0CA1D /* Debug */,
				3833FAA01CDECC7100D0CA1D /* Release */,
			);
			defaultConfigurationIsVisible = 0;
			defaultConfigurationName = Release;
		};
/* End XCConfigurationList section */
	};
	rootObject = 3833FA841CDECC7100D0CA1D /* Project object */;
}
